// !$*UTF8*$!
{
	archiveVersion = 1;
	classes = {
	};
	objectVersion = 50;
	objects = {

/* Begin PBXBuildFile section */
		6F4FDA1322FE87A600D7086F /* AppDelegate.swift in Sources */ = {isa = PBXBuildFile; fileRef = 6F4FDA1222FE87A600D7086F /* AppDelegate.swift */; };
		6F4FDA1522FE87A600D7086F /* ViewController.swift in Sources */ = {isa = PBXBuildFile; fileRef = 6F4FDA1422FE87A600D7086F /* ViewController.swift */; };
		6F4FDA1822FE87A600D7086F /* Main.storyboard in Resources */ = {isa = PBXBuildFile; fileRef = 6F4FDA1622FE87A600D7086F /* Main.storyboard */; };
		6F4FDA1A22FE87AB00D7086F /* Assets.xcassets in Resources */ = {isa = PBXBuildFile; fileRef = 6F4FDA1922FE87AB00D7086F /* Assets.xcassets */; };
		6F4FDA1D22FE87AB00D7086F /* LaunchScreen.storyboard in Resources */ = {isa = PBXBuildFile; fileRef = 6F4FDA1B22FE87AB00D7086F /* LaunchScreen.storyboard */; };
		6F4FDA2822FE88A300D7086F /* StartScreenViewController.swift in Sources */ = {isa = PBXBuildFile; fileRef = 6F4FDA2722FE88A300D7086F /* StartScreenViewController.swift */; };
		6F4FDA2B22FE88CA00D7086F /* User.swift in Sources */ = {isa = PBXBuildFile; fileRef = 6F4FDA2A22FE88CA00D7086F /* User.swift */; };
		6F4FDA2D22FE892700D7086F /* Expense.swift in Sources */ = {isa = PBXBuildFile; fileRef = 6F4FDA2C22FE892700D7086F /* Expense.swift */; };
		6F4FDA3122FE89AC00D7086F /* ExpenseManager.swift in Sources */ = {isa = PBXBuildFile; fileRef = 6F4FDA3022FE89AC00D7086F /* ExpenseManager.swift */; };
		6F4FDA3522FE89F900D7086F /* User+Hashable.swift in Sources */ = {isa = PBXBuildFile; fileRef = 6F4FDA3422FE89F900D7086F /* User+Hashable.swift */; };
		6F4FDA3822FE8BDD00D7086F /* AddExpenseViewController.swift in Sources */ = {isa = PBXBuildFile; fileRef = 6F4FDA3722FE8BDD00D7086F /* AddExpenseViewController.swift */; };
		6F4FDA3F22FE8CD100D7086F /* AddExpenseViewController+UITableViewDataSource.swift in Sources */ = {isa = PBXBuildFile; fileRef = 6F4FDA3E22FE8CD100D7086F /* AddExpenseViewController+UITableViewDataSource.swift */; };
		6F4FDA4122FE8D0B00D7086F /* AddExpenseHeaderView.swift in Sources */ = {isa = PBXBuildFile; fileRef = 6F4FDA4022FE8D0B00D7086F /* AddExpenseHeaderView.swift */; };
		6F4FDA4422FE932E00D7086F /* UserExpenseCell.swift in Sources */ = {isa = PBXBuildFile; fileRef = 6F4FDA4322FE932E00D7086F /* UserExpenseCell.swift */; };
		6F4FDA4722FE935000D7086F /* UITableViewCell+CellIdentifier.swift in Sources */ = {isa = PBXBuildFile; fileRef = 6F4FDA4622FE935000D7086F /* UITableViewCell+CellIdentifier.swift */; };
		6F4FDA4A22FE93C400D7086F /* UserExpenseCell+ViewProtocol.swift in Sources */ = {isa = PBXBuildFile; fileRef = 6F4FDA4922FE93C400D7086F /* UserExpenseCell+ViewProtocol.swift */; };
		6F4FDA4E22FE949300D7086F /* ViewProtocol.swift in Sources */ = {isa = PBXBuildFile; fileRef = 6F4FDA4D22FE949300D7086F /* ViewProtocol.swift */; };
		6F4FDA5122FE94FA00D7086F /* AddExpenseHeaderView+ViewProtocol.swift in Sources */ = {isa = PBXBuildFile; fileRef = 6F4FDA5022FE94FA00D7086F /* AddExpenseHeaderView+ViewProtocol.swift */; };
		6F4FDA5322FE960A00D7086F /* AddExpenseViewController+UITableViewDelegate.swift in Sources */ = {isa = PBXBuildFile; fileRef = 6F4FDA5222FE960A00D7086F /* AddExpenseViewController+UITableViewDelegate.swift */; };
		6F4FDA5722FE9F4500D7086F /* ExpenseInputProtocol.swift in Sources */ = {isa = PBXBuildFile; fileRef = 6F4FDA5622FE9F4500D7086F /* ExpenseInputProtocol.swift */; };
		6F4FDA5922FE9F9100D7086F /* AddExpenseHeaderView+ExpenseInputProtocol.swift in Sources */ = {isa = PBXBuildFile; fileRef = 6F4FDA5822FE9F9100D7086F /* AddExpenseHeaderView+ExpenseInputProtocol.swift */; };
		6F4FDA5C22FEA08A00D7086F /* AddExpenseProtocol.swift in Sources */ = {isa = PBXBuildFile; fileRef = 6F4FDA5B22FEA08A00D7086F /* AddExpenseProtocol.swift */; };
		6F4FDA6022FEA11A00D7086F /* ExpenseCreatorProtocol.swift in Sources */ = {isa = PBXBuildFile; fileRef = 6F4FDA5F22FEA11A00D7086F /* ExpenseCreatorProtocol.swift */; };
		6F4FDA6522FEA3FF00D7086F /* ExpenseDetailViewController.swift in Sources */ = {isa = PBXBuildFile; fileRef = 6F4FDA6422FEA3FF00D7086F /* ExpenseDetailViewController.swift */; };
		6F4FDA6722FF416100D7086F /* UIImage.swift in Sources */ = {isa = PBXBuildFile; fileRef = 6F4FDA6622FF416100D7086F /* UIImage.swift */; };
		6F4FDA6A22FF45F700D7086F /* SimpleError.swift in Sources */ = {isa = PBXBuildFile; fileRef = 6F4FDA6922FF45F700D7086F /* SimpleError.swift */; };
		D18C515723012D230049F05F /* UserManager.swift in Sources */ = {isa = PBXBuildFile; fileRef = D18C515623012D230049F05F /* UserManager.swift */; };
/* End PBXBuildFile section */

/* Begin PBXFileReference section */
		6F4FDA0F22FE87A600D7086F /* ExpenseTrackerApp.app */ = {isa = PBXFileReference; explicitFileType = wrapper.application; includeInIndex = 0; path = ExpenseTrackerApp.app; sourceTree = BUILT_PRODUCTS_DIR; };
		6F4FDA1222FE87A600D7086F /* AppDelegate.swift */ = {isa = PBXFileReference; lastKnownFileType = sourcecode.swift; path = AppDelegate.swift; sourceTree = "<group>"; };
		6F4FDA1422FE87A600D7086F /* ViewController.swift */ = {isa = PBXFileReference; lastKnownFileType = sourcecode.swift; path = ViewController.swift; sourceTree = "<group>"; };
		6F4FDA1722FE87A600D7086F /* Base */ = {isa = PBXFileReference; lastKnownFileType = file.storyboard; name = Base; path = Base.lproj/Main.storyboard; sourceTree = "<group>"; };
		6F4FDA1922FE87AB00D7086F /* Assets.xcassets */ = {isa = PBXFileReference; lastKnownFileType = folder.assetcatalog; path = Assets.xcassets; sourceTree = "<group>"; };
		6F4FDA1C22FE87AB00D7086F /* Base */ = {isa = PBXFileReference; lastKnownFileType = file.storyboard; name = Base; path = Base.lproj/LaunchScreen.storyboard; sourceTree = "<group>"; };
		6F4FDA1E22FE87AB00D7086F /* Info.plist */ = {isa = PBXFileReference; lastKnownFileType = text.plist.xml; path = Info.plist; sourceTree = "<group>"; };
		6F4FDA2722FE88A300D7086F /* StartScreenViewController.swift */ = {isa = PBXFileReference; lastKnownFileType = sourcecode.swift; path = StartScreenViewController.swift; sourceTree = "<group>"; };
		6F4FDA2A22FE88CA00D7086F /* User.swift */ = {isa = PBXFileReference; lastKnownFileType = sourcecode.swift; path = User.swift; sourceTree = "<group>"; };
		6F4FDA2C22FE892700D7086F /* Expense.swift */ = {isa = PBXFileReference; lastKnownFileType = sourcecode.swift; path = Expense.swift; sourceTree = "<group>"; };
		6F4FDA3022FE89AC00D7086F /* ExpenseManager.swift */ = {isa = PBXFileReference; lastKnownFileType = sourcecode.swift; path = ExpenseManager.swift; sourceTree = "<group>"; };
		6F4FDA3422FE89F900D7086F /* User+Hashable.swift */ = {isa = PBXFileReference; lastKnownFileType = sourcecode.swift; path = "User+Hashable.swift"; sourceTree = "<group>"; };
		6F4FDA3722FE8BDD00D7086F /* AddExpenseViewController.swift */ = {isa = PBXFileReference; lastKnownFileType = sourcecode.swift; path = AddExpenseViewController.swift; sourceTree = "<group>"; };
		6F4FDA3E22FE8CD100D7086F /* AddExpenseViewController+UITableViewDataSource.swift */ = {isa = PBXFileReference; lastKnownFileType = sourcecode.swift; path = "AddExpenseViewController+UITableViewDataSource.swift"; sourceTree = "<group>"; };
		6F4FDA4022FE8D0B00D7086F /* AddExpenseHeaderView.swift */ = {isa = PBXFileReference; lastKnownFileType = sourcecode.swift; path = AddExpenseHeaderView.swift; sourceTree = "<group>"; };
		6F4FDA4322FE932E00D7086F /* UserExpenseCell.swift */ = {isa = PBXFileReference; lastKnownFileType = sourcecode.swift; path = UserExpenseCell.swift; sourceTree = "<group>"; };
		6F4FDA4622FE935000D7086F /* UITableViewCell+CellIdentifier.swift */ = {isa = PBXFileReference; lastKnownFileType = sourcecode.swift; path = "UITableViewCell+CellIdentifier.swift"; sourceTree = "<group>"; };
		6F4FDA4922FE93C400D7086F /* UserExpenseCell+ViewProtocol.swift */ = {isa = PBXFileReference; lastKnownFileType = sourcecode.swift; path = "UserExpenseCell+ViewProtocol.swift"; sourceTree = "<group>"; };
		6F4FDA4D22FE949300D7086F /* ViewProtocol.swift */ = {isa = PBXFileReference; lastKnownFileType = sourcecode.swift; path = ViewProtocol.swift; sourceTree = "<group>"; };
		6F4FDA5022FE94FA00D7086F /* AddExpenseHeaderView+ViewProtocol.swift */ = {isa = PBXFileReference; lastKnownFileType = sourcecode.swift; path = "AddExpenseHeaderView+ViewProtocol.swift"; sourceTree = "<group>"; };
		6F4FDA5222FE960A00D7086F /* AddExpenseViewController+UITableViewDelegate.swift */ = {isa = PBXFileReference; lastKnownFileType = sourcecode.swift; path = "AddExpenseViewController+UITableViewDelegate.swift"; sourceTree = "<group>"; };
		6F4FDA5622FE9F4500D7086F /* ExpenseInputProtocol.swift */ = {isa = PBXFileReference; lastKnownFileType = sourcecode.swift; path = ExpenseInputProtocol.swift; sourceTree = "<group>"; };
		6F4FDA5822FE9F9100D7086F /* AddExpenseHeaderView+ExpenseInputProtocol.swift */ = {isa = PBXFileReference; lastKnownFileType = sourcecode.swift; path = "AddExpenseHeaderView+ExpenseInputProtocol.swift"; sourceTree = "<group>"; };
		6F4FDA5B22FEA08A00D7086F /* AddExpenseProtocol.swift */ = {isa = PBXFileReference; lastKnownFileType = sourcecode.swift; path = AddExpenseProtocol.swift; sourceTree = "<group>"; };
		6F4FDA5F22FEA11A00D7086F /* ExpenseCreatorProtocol.swift */ = {isa = PBXFileReference; lastKnownFileType = sourcecode.swift; path = ExpenseCreatorProtocol.swift; sourceTree = "<group>"; };
		6F4FDA6422FEA3FF00D7086F /* ExpenseDetailViewController.swift */ = {isa = PBXFileReference; lastKnownFileType = sourcecode.swift; path = ExpenseDetailViewController.swift; sourceTree = "<group>"; };
		6F4FDA6622FF416100D7086F /* UIImage.swift */ = {isa = PBXFileReference; lastKnownFileType = sourcecode.swift; path = UIImage.swift; sourceTree = "<group>"; };
		6F4FDA6922FF45F700D7086F /* SimpleError.swift */ = {isa = PBXFileReference; lastKnownFileType = sourcecode.swift; path = SimpleError.swift; sourceTree = "<group>"; };
		D18C515623012D230049F05F /* UserManager.swift */ = {isa = PBXFileReference; lastKnownFileType = sourcecode.swift; path = UserManager.swift; sourceTree = "<group>"; };
/* End PBXFileReference section */

/* Begin PBXFrameworksBuildPhase section */
		6F4FDA0C22FE87A600D7086F /* Frameworks */ = {
			isa = PBXFrameworksBuildPhase;
			buildActionMask = 2147483647;
			files = (
			);
			runOnlyForDeploymentPostprocessing = 0;
		};
/* End PBXFrameworksBuildPhase section */

/* Begin PBXGroup section */
		6F4FDA0622FE87A600D7086F = {
			isa = PBXGroup;
			children = (
				6F4FDA1122FE87A600D7086F /* ExpenseTrackerApp */,
				6F4FDA1022FE87A600D7086F /* Products */,
			);
			sourceTree = "<group>";
		};
		6F4FDA1022FE87A600D7086F /* Products */ = {
			isa = PBXGroup;
			children = (
				6F4FDA0F22FE87A600D7086F /* ExpenseTrackerApp.app */,
			);
			name = Products;
			sourceTree = "<group>";
		};
		6F4FDA1122FE87A600D7086F /* ExpenseTrackerApp */ = {
			isa = PBXGroup;
			children = (
				6F4FDA4B22FE947A00D7086F /* Common */,
				6F4FDA2E22FE898800D7086F /* Managers */,
				6F4FDA2922FE88BB00D7086F /* Models */,
				6F4FDA2622FE886100D7086F /* StartScreen */,
				6F4FDA2522FE87E400D7086F /* ExpenseDetail */,
				6F4FDA2422FE87D100D7086F /* AddExpense */,
				6F4FDA1222FE87A600D7086F /* AppDelegate.swift */,
				6F4FDA1422FE87A600D7086F /* ViewController.swift */,
				6F4FDA1622FE87A600D7086F /* Main.storyboard */,
				6F4FDA1922FE87AB00D7086F /* Assets.xcassets */,
				6F4FDA1B22FE87AB00D7086F /* LaunchScreen.storyboard */,
				6F4FDA1E22FE87AB00D7086F /* Info.plist */,
			);
			path = ExpenseTrackerApp;
			sourceTree = "<group>";
		};
		6F4FDA2422FE87D100D7086F /* AddExpense */ = {
			isa = PBXGroup;
			children = (
				6F4FDA5522FE9F2400D7086F /* Protocols */,
				6F4FDA3B22FE8C9200D7086F /* Logic */,
				6F4FDA3A22FE8C0000D7086F /* Views */,
				6F4FDA3922FE8BF600D7086F /* ViewControllers */,
			);
			path = AddExpense;
			sourceTree = "<group>";
		};
		6F4FDA2522FE87E400D7086F /* ExpenseDetail */ = {
			isa = PBXGroup;
			children = (
				6F4FDA6222FEA3A000D7086F /* Views */,
				6F4FDA6122FEA39900D7086F /* ViewControllers */,
			);
			path = ExpenseDetail;
			sourceTree = "<group>";
		};
		6F4FDA2622FE886100D7086F /* StartScreen */ = {
			isa = PBXGroup;
			children = (
				6F4FDA2722FE88A300D7086F /* StartScreenViewController.swift */,
			);
			path = StartScreen;
			sourceTree = "<group>";
		};
		6F4FDA2922FE88BB00D7086F /* Models */ = {
			isa = PBXGroup;
			children = (
				6F4FDA3322FE89EC00D7086F /* User */,
				6F4FDA3622FE8A7900D7086F /* Expense */,
			);
			path = Models;
			sourceTree = "<group>";
		};
		6F4FDA2E22FE898800D7086F /* Managers */ = {
			isa = PBXGroup;
			children = (
				6F4FDA2F22FE899D00D7086F /* ExpenseManager */,
				D18C515623012D230049F05F /* UserManager.swift */,
			);
			path = Managers;
			sourceTree = "<group>";
		};
		6F4FDA2F22FE899D00D7086F /* ExpenseManager */ = {
			isa = PBXGroup;
			children = (
				6F4FDA5A22FEA07D00D7086F /* Protocols */,
				6F4FDA3022FE89AC00D7086F /* ExpenseManager.swift */,
			);
			path = ExpenseManager;
			sourceTree = "<group>";
		};
		6F4FDA3322FE89EC00D7086F /* User */ = {
			isa = PBXGroup;
			children = (
				6F4FDA2A22FE88CA00D7086F /* User.swift */,
				6F4FDA3422FE89F900D7086F /* User+Hashable.swift */,
			);
			path = User;
			sourceTree = "<group>";
		};
		6F4FDA3622FE8A7900D7086F /* Expense */ = {
			isa = PBXGroup;
			children = (
				6F4FDA2C22FE892700D7086F /* Expense.swift */,
			);
			path = Expense;
			sourceTree = "<group>";
		};
		6F4FDA3922FE8BF600D7086F /* ViewControllers */ = {
			isa = PBXGroup;
			children = (
				6F4FDA3C22FE8CB100D7086F /* AddExpenseViewController */,
			);
			path = ViewControllers;
			sourceTree = "<group>";
		};
		6F4FDA3A22FE8C0000D7086F /* Views */ = {
			isa = PBXGroup;
			children = (
				6F4FDA4F22FE94E400D7086F /* AddExpenseHeaderView */,
			);
			path = Views;
			sourceTree = "<group>";
		};
		6F4FDA3B22FE8C9200D7086F /* Logic */ = {
			isa = PBXGroup;
			children = (
			);
			path = Logic;
			sourceTree = "<group>";
		};
		6F4FDA3C22FE8CB100D7086F /* AddExpenseViewController */ = {
			isa = PBXGroup;
			children = (
				6F4FDA4222FE92DA00D7086F /* Cells */,
				6F4FDA3722FE8BDD00D7086F /* AddExpenseViewController.swift */,
				6F4FDA3E22FE8CD100D7086F /* AddExpenseViewController+UITableViewDataSource.swift */,
				6F4FDA5222FE960A00D7086F /* AddExpenseViewController+UITableViewDelegate.swift */,
			);
			path = AddExpenseViewController;
			sourceTree = "<group>";
		};
		6F4FDA4222FE92DA00D7086F /* Cells */ = {
			isa = PBXGroup;
			children = (
				6F4FDA4822FE939300D7086F /* UserExpenseCell */,
			);
			path = Cells;
			sourceTree = "<group>";
		};
		6F4FDA4522FE933200D7086F /* Extensions */ = {
			isa = PBXGroup;
			children = (
				6F4FDA4622FE935000D7086F /* UITableViewCell+CellIdentifier.swift */,
				6F4FDA6622FF416100D7086F /* UIImage.swift */,
			);
			path = Extensions;
			sourceTree = "<group>";
		};
		6F4FDA4822FE939300D7086F /* UserExpenseCell */ = {
			isa = PBXGroup;
			children = (
				6F4FDA4322FE932E00D7086F /* UserExpenseCell.swift */,
				6F4FDA4922FE93C400D7086F /* UserExpenseCell+ViewProtocol.swift */,
			);
			path = UserExpenseCell;
			sourceTree = "<group>";
		};
		6F4FDA4B22FE947A00D7086F /* Common */ = {
			isa = PBXGroup;
			children = (
				6F4FDA6822FF45EB00D7086F /* Error */,
				6F4FDA4522FE933200D7086F /* Extensions */,
				6F4FDA4C22FE947F00D7086F /* Protocols */,
			);
			path = Common;
			sourceTree = "<group>";
		};
		6F4FDA4C22FE947F00D7086F /* Protocols */ = {
			isa = PBXGroup;
			children = (
				6F4FDA4D22FE949300D7086F /* ViewProtocol.swift */,
			);
			path = Protocols;
			sourceTree = "<group>";
		};
		6F4FDA4F22FE94E400D7086F /* AddExpenseHeaderView */ = {
			isa = PBXGroup;
			children = (
				6F4FDA4022FE8D0B00D7086F /* AddExpenseHeaderView.swift */,
				6F4FDA5022FE94FA00D7086F /* AddExpenseHeaderView+ViewProtocol.swift */,
				6F4FDA5822FE9F9100D7086F /* AddExpenseHeaderView+ExpenseInputProtocol.swift */,
			);
			path = AddExpenseHeaderView;
			sourceTree = "<group>";
		};
		6F4FDA5522FE9F2400D7086F /* Protocols */ = {
			isa = PBXGroup;
			children = (
				6F4FDA5622FE9F4500D7086F /* ExpenseInputProtocol.swift */,
				6F4FDA5F22FEA11A00D7086F /* ExpenseCreatorProtocol.swift */,
			);
			path = Protocols;
			sourceTree = "<group>";
		};
		6F4FDA5A22FEA07D00D7086F /* Protocols */ = {
			isa = PBXGroup;
			children = (
				6F4FDA5B22FEA08A00D7086F /* AddExpenseProtocol.swift */,
			);
			path = Protocols;
			sourceTree = "<group>";
		};
		6F4FDA6122FEA39900D7086F /* ViewControllers */ = {
			isa = PBXGroup;
			children = (
				6F4FDA6422FEA3FF00D7086F /* ExpenseDetailViewController.swift */,
			);
			path = ViewControllers;
			sourceTree = "<group>";
		};
		6F4FDA6222FEA3A000D7086F /* Views */ = {
			isa = PBXGroup;
			children = (
				6F4FDA6322FEA3A400D7086F /* Cells */,
			);
			path = Views;
			sourceTree = "<group>";
		};
		6F4FDA6322FEA3A400D7086F /* Cells */ = {
			isa = PBXGroup;
			children = (
			);
			path = Cells;
			sourceTree = "<group>";
		};
		6F4FDA6822FF45EB00D7086F /* Error */ = {
			isa = PBXGroup;
			children = (
				6F4FDA6922FF45F700D7086F /* SimpleError.swift */,
			);
			path = Error;
			sourceTree = "<group>";
		};
/* End PBXGroup section */

/* Begin PBXNativeTarget section */
		6F4FDA0E22FE87A600D7086F /* ExpenseTrackerApp */ = {
			isa = PBXNativeTarget;
			buildConfigurationList = 6F4FDA2122FE87AB00D7086F /* Build configuration list for PBXNativeTarget "ExpenseTrackerApp" */;
			buildPhases = (
				6F4FDA0B22FE87A600D7086F /* Sources */,
				6F4FDA0C22FE87A600D7086F /* Frameworks */,
				6F4FDA0D22FE87A600D7086F /* Resources */,
			);
			buildRules = (
			);
			dependencies = (
			);
			name = ExpenseTrackerApp;
			productName = ExpenseTrackerApp;
			productReference = 6F4FDA0F22FE87A600D7086F /* ExpenseTrackerApp.app */;
			productType = "com.apple.product-type.application";
		};
/* End PBXNativeTarget section */

/* Begin PBXProject section */
		6F4FDA0722FE87A600D7086F /* Project object */ = {
			isa = PBXProject;
			attributes = {
				LastSwiftUpdateCheck = 1030;
				LastUpgradeCheck = 1030;
				ORGANIZATIONNAME = "Chirag N Shah";
				TargetAttributes = {
					6F4FDA0E22FE87A600D7086F = {
						CreatedOnToolsVersion = 10.3;
					};
				};
			};
			buildConfigurationList = 6F4FDA0A22FE87A600D7086F /* Build configuration list for PBXProject "ExpenseTrackerApp" */;
			compatibilityVersion = "Xcode 9.3";
			developmentRegion = en;
			hasScannedForEncodings = 0;
			knownRegions = (
				en,
				Base,
			);
			mainGroup = 6F4FDA0622FE87A600D7086F;
			productRefGroup = 6F4FDA1022FE87A600D7086F /* Products */;
			projectDirPath = "";
			projectRoot = "";
			targets = (
				6F4FDA0E22FE87A600D7086F /* ExpenseTrackerApp */,
			);
		};
/* End PBXProject section */

/* Begin PBXResourcesBuildPhase section */
		6F4FDA0D22FE87A600D7086F /* Resources */ = {
			isa = PBXResourcesBuildPhase;
			buildActionMask = 2147483647;
			files = (
				6F4FDA1D22FE87AB00D7086F /* LaunchScreen.storyboard in Resources */,
				6F4FDA1A22FE87AB00D7086F /* Assets.xcassets in Resources */,
				6F4FDA1822FE87A600D7086F /* Main.storyboard in Resources */,
			);
			runOnlyForDeploymentPostprocessing = 0;
		};
/* End PBXResourcesBuildPhase section */

/* Begin PBXSourcesBuildPhase section */
		6F4FDA0B22FE87A600D7086F /* Sources */ = {
			isa = PBXSourcesBuildPhase;
			buildActionMask = 2147483647;
			files = (
				6F4FDA2B22FE88CA00D7086F /* User.swift in Sources */,
				6F4FDA3822FE8BDD00D7086F /* AddExpenseViewController.swift in Sources */,
				6F4FDA5122FE94FA00D7086F /* AddExpenseHeaderView+ViewProtocol.swift in Sources */,
				6F4FDA4722FE935000D7086F /* UITableViewCell+CellIdentifier.swift in Sources */,
				6F4FDA5322FE960A00D7086F /* AddExpenseViewController+UITableViewDelegate.swift in Sources */,
				6F4FDA2822FE88A300D7086F /* StartScreenViewController.swift in Sources */,
				6F4FDA4E22FE949300D7086F /* ViewProtocol.swift in Sources */,
				6F4FDA1522FE87A600D7086F /* ViewController.swift in Sources */,
				6F4FDA6A22FF45F700D7086F /* SimpleError.swift in Sources */,
				6F4FDA1322FE87A600D7086F /* AppDelegate.swift in Sources */,
				6F4FDA5C22FEA08A00D7086F /* AddExpenseProtocol.swift in Sources */,
				6F4FDA3122FE89AC00D7086F /* ExpenseManager.swift in Sources */,
				6F4FDA4A22FE93C400D7086F /* UserExpenseCell+ViewProtocol.swift in Sources */,
				6F4FDA2D22FE892700D7086F /* Expense.swift in Sources */,
				6F4FDA5922FE9F9100D7086F /* AddExpenseHeaderView+ExpenseInputProtocol.swift in Sources */,
				6F4FDA6522FEA3FF00D7086F /* ExpenseDetailViewController.swift in Sources */,
				6F4FDA3F22FE8CD100D7086F /* AddExpenseViewController+UITableViewDataSource.swift in Sources */,
				D18C515723012D230049F05F /* UserManager.swift in Sources */,
				6F4FDA4122FE8D0B00D7086F /* AddExpenseHeaderView.swift in Sources */,
				6F4FDA6022FEA11A00D7086F /* ExpenseCreatorProtocol.swift in Sources */,
				6F4FDA6722FF416100D7086F /* UIImage.swift in Sources */,
				6F4FDA4422FE932E00D7086F /* UserExpenseCell.swift in Sources */,
				6F4FDA3522FE89F900D7086F /* User+Hashable.swift in Sources */,
				6F4FDA5722FE9F4500D7086F /* ExpenseInputProtocol.swift in Sources */,
			);
			runOnlyForDeploymentPostprocessing = 0;
		};
/* End PBXSourcesBuildPhase section */

/* Begin PBXVariantGroup section */
		6F4FDA1622FE87A600D7086F /* Main.storyboard */ = {
			isa = PBXVariantGroup;
			children = (
				6F4FDA1722FE87A600D7086F /* Base */,
			);
			name = Main.storyboard;
			sourceTree = "<group>";
		};
		6F4FDA1B22FE87AB00D7086F /* LaunchScreen.storyboard */ = {
			isa = PBXVariantGroup;
			children = (
				6F4FDA1C22FE87AB00D7086F /* Base */,
			);
			name = LaunchScreen.storyboard;
			sourceTree = "<group>";
		};
/* End PBXVariantGroup section */

/* Begin XCBuildConfiguration section */
		6F4FDA1F22FE87AB00D7086F /* Debug */ = {
			isa = XCBuildConfiguration;
			buildSettings = {
				ALWAYS_SEARCH_USER_PATHS = NO;
				CLANG_ANALYZER_NONNULL = YES;
				CLANG_ANALYZER_NUMBER_OBJECT_CONVERSION = YES_AGGRESSIVE;
				CLANG_CXX_LANGUAGE_STANDARD = "gnu++14";
				CLANG_CXX_LIBRARY = "libc++";
				CLANG_ENABLE_MODULES = YES;
				CLANG_ENABLE_OBJC_ARC = YES;
				CLANG_ENABLE_OBJC_WEAK = YES;
				CLANG_WARN_BLOCK_CAPTURE_AUTORELEASING = YES;
				CLANG_WARN_BOOL_CONVERSION = YES;
				CLANG_WARN_COMMA = YES;
				CLANG_WARN_CONSTANT_CONVERSION = YES;
				CLANG_WARN_DEPRECATED_OBJC_IMPLEMENTATIONS = YES;
				CLANG_WARN_DIRECT_OBJC_ISA_USAGE = YES_ERROR;
				CLANG_WARN_DOCUMENTATION_COMMENTS = YES;
				CLANG_WARN_EMPTY_BODY = YES;
				CLANG_WARN_ENUM_CONVERSION = YES;
				CLANG_WARN_INFINITE_RECURSION = YES;
				CLANG_WARN_INT_CONVERSION = YES;
				CLANG_WARN_NON_LITERAL_NULL_CONVERSION = YES;
				CLANG_WARN_OBJC_IMPLICIT_RETAIN_SELF = YES;
				CLANG_WARN_OBJC_LITERAL_CONVERSION = YES;
				CLANG_WARN_OBJC_ROOT_CLASS = YES_ERROR;
				CLANG_WARN_RANGE_LOOP_ANALYSIS = YES;
				CLANG_WARN_STRICT_PROTOTYPES = YES;
				CLANG_WARN_SUSPICIOUS_MOVE = YES;
				CLANG_WARN_UNGUARDED_AVAILABILITY = YES_AGGRESSIVE;
				CLANG_WARN_UNREACHABLE_CODE = YES;
				CLANG_WARN__DUPLICATE_METHOD_MATCH = YES;
				CODE_SIGN_IDENTITY = "iPhone Developer";
				COPY_PHASE_STRIP = NO;
				DEBUG_INFORMATION_FORMAT = dwarf;
				ENABLE_STRICT_OBJC_MSGSEND = YES;
				ENABLE_TESTABILITY = YES;
				GCC_C_LANGUAGE_STANDARD = gnu11;
				GCC_DYNAMIC_NO_PIC = NO;
				GCC_NO_COMMON_BLOCKS = YES;
				GCC_OPTIMIZATION_LEVEL = 0;
				GCC_PREPROCESSOR_DEFINITIONS = (
					"DEBUG=1",
					"$(inherited)",
				);
				GCC_WARN_64_TO_32_BIT_CONVERSION = YES;
				GCC_WARN_ABOUT_RETURN_TYPE = YES_ERROR;
				GCC_WARN_UNDECLARED_SELECTOR = YES;
				GCC_WARN_UNINITIALIZED_AUTOS = YES_AGGRESSIVE;
				GCC_WARN_UNUSED_FUNCTION = YES;
				GCC_WARN_UNUSED_VARIABLE = YES;
				IPHONEOS_DEPLOYMENT_TARGET = 12.4;
				MTL_ENABLE_DEBUG_INFO = INCLUDE_SOURCE;
				MTL_FAST_MATH = YES;
				ONLY_ACTIVE_ARCH = YES;
				SDKROOT = iphoneos;
				SWIFT_ACTIVE_COMPILATION_CONDITIONS = DEBUG;
				SWIFT_OPTIMIZATION_LEVEL = "-Onone";
			};
			name = Debug;
		};
		6F4FDA2022FE87AB00D7086F /* Release */ = {
			isa = XCBuildConfiguration;
			buildSettings = {
				ALWAYS_SEARCH_USER_PATHS = NO;
				CLANG_ANALYZER_NONNULL = YES;
				CLANG_ANALYZER_NUMBER_OBJECT_CONVERSION = YES_AGGRESSIVE;
				CLANG_CXX_LANGUAGE_STANDARD = "gnu++14";
				CLANG_CXX_LIBRARY = "libc++";
				CLANG_ENABLE_MODULES = YES;
				CLANG_ENABLE_OBJC_ARC = YES;
				CLANG_ENABLE_OBJC_WEAK = YES;
				CLANG_WARN_BLOCK_CAPTURE_AUTORELEASING = YES;
				CLANG_WARN_BOOL_CONVERSION = YES;
				CLANG_WARN_COMMA = YES;
				CLANG_WARN_CONSTANT_CONVERSION = YES;
				CLANG_WARN_DEPRECATED_OBJC_IMPLEMENTATIONS = YES;
				CLANG_WARN_DIRECT_OBJC_ISA_USAGE = YES_ERROR;
				CLANG_WARN_DOCUMENTATION_COMMENTS = YES;
				CLANG_WARN_EMPTY_BODY = YES;
				CLANG_WARN_ENUM_CONVERSION = YES;
				CLANG_WARN_INFINITE_RECURSION = YES;
				CLANG_WARN_INT_CONVERSION = YES;
				CLANG_WARN_NON_LITERAL_NULL_CONVERSION = YES;
				CLANG_WARN_OBJC_IMPLICIT_RETAIN_SELF = YES;
				CLANG_WARN_OBJC_LITERAL_CONVERSION = YES;
				CLANG_WARN_OBJC_ROOT_CLASS = YES_ERROR;
				CLANG_WARN_RANGE_LOOP_ANALYSIS = YES;
				CLANG_WARN_STRICT_PROTOTYPES = YES;
				CLANG_WARN_SUSPICIOUS_MOVE = YES;
				CLANG_WARN_UNGUARDED_AVAILABILITY = YES_AGGRESSIVE;
				CLANG_WARN_UNREACHABLE_CODE = YES;
				CLANG_WARN__DUPLICATE_METHOD_MATCH = YES;
				CODE_SIGN_IDENTITY = "iPhone Developer";
				COPY_PHASE_STRIP = NO;
				DEBUG_INFORMATION_FORMAT = "dwarf-with-dsym";
				ENABLE_NS_ASSERTIONS = NO;
				ENABLE_STRICT_OBJC_MSGSEND = YES;
				GCC_C_LANGUAGE_STANDARD = gnu11;
				GCC_NO_COMMON_BLOCKS = YES;
				GCC_WARN_64_TO_32_BIT_CONVERSION = YES;
				GCC_WARN_ABOUT_RETURN_TYPE = YES_ERROR;
				GCC_WARN_UNDECLARED_SELECTOR = YES;
				GCC_WARN_UNINITIALIZED_AUTOS = YES_AGGRESSIVE;
				GCC_WARN_UNUSED_FUNCTION = YES;
				GCC_WARN_UNUSED_VARIABLE = YES;
				IPHONEOS_DEPLOYMENT_TARGET = 12.4;
				MTL_ENABLE_DEBUG_INFO = NO;
				MTL_FAST_MATH = YES;
				SDKROOT = iphoneos;
				SWIFT_COMPILATION_MODE = wholemodule;
				SWIFT_OPTIMIZATION_LEVEL = "-O";
				VALIDATE_PRODUCT = YES;
			};
			name = Release;
		};
		6F4FDA2222FE87AB00D7086F /* Debug */ = {
			isa = XCBuildConfiguration;
			buildSettings = {
				ASSETCATALOG_COMPILER_APPICON_NAME = AppIcon;
				CODE_SIGN_STYLE = Manual;
				DEVELOPMENT_TEAM = "";
				INFOPLIST_FILE = ExpenseTrackerApp/Info.plist;
				IPHONEOS_DEPLOYMENT_TARGET = 12.0;
				LD_RUNPATH_SEARCH_PATHS = (
					"$(inherited)",
					"@executable_path/Frameworks",
				);
				PRODUCT_BUNDLE_IDENTIFIER = com.learning.expenseTracker.ExpenseTrackerApp;
				PRODUCT_NAME = "$(TARGET_NAME)";
				PROVISIONING_PROFILE_SPECIFIER = "";
				SWIFT_VERSION = 5.0;
				TARGETED_DEVICE_FAMILY = "1,2";
			};
			name = Debug;
		};
		6F4FDA2322FE87AB00D7086F /* Release */ = {
			isa = XCBuildConfiguration;
			buildSettings = {
				ASSETCATALOG_COMPILER_APPICON_NAME = AppIcon;
				CODE_SIGN_STYLE = Manual;
				DEVELOPMENT_TEAM = "";
				INFOPLIST_FILE = ExpenseTrackerApp/Info.plist;
				IPHONEOS_DEPLOYMENT_TARGET = 12.0;
				LD_RUNPATH_SEARCH_PATHS = (
					"$(inherited)",
					"@executable_path/Frameworks",
				);
				PRODUCT_BUNDLE_IDENTIFIER = com.learning.expenseTracker.ExpenseTrackerApp;
				PRODUCT_NAME = "$(TARGET_NAME)";
				PROVISIONING_PROFILE_SPECIFIER = "";
				SWIFT_VERSION = 5.0;
				TARGETED_DEVICE_FAMILY = "1,2";
			};
			name = Release;
		};
/* End XCBuildConfiguration section */

/* Begin XCConfigurationList section */
		6F4FDA0A22FE87A600D7086F /* Build configuration list for PBXProject "ExpenseTrackerApp" */ = {
			isa = XCConfigurationList;
			buildConfigurations = (
				6F4FDA1F22FE87AB00D7086F /* Debug */,
				6F4FDA2022FE87AB00D7086F /* Release */,
			);
			defaultConfigurationIsVisible = 0;
			defaultConfigurationName = Release;
		};
		6F4FDA2122FE87AB00D7086F /* Build configuration list for PBXNativeTarget "ExpenseTrackerApp" */ = {
			isa = XCConfigurationList;
			buildConfigurations = (
				6F4FDA2222FE87AB00D7086F /* Debug */,
				6F4FDA2322FE87AB00D7086F /* Release */,
			);
			defaultConfigurationIsVisible = 0;
			defaultConfigurationName = Release;
		};
/* End XCConfigurationList section */
	};
	rootObject = 6F4FDA0722FE87A600D7086F /* Project object */;
}
